
Microsoft Visual Studio Solution File, Format Version 12.00
# Visual Studio Version 17
VisualStudioVersion = 17.13.35931.197 d17.13
MinimumVisualStudioVersion = 10.0.40219.1
Project("{FAE04EC0-301F-11D3-BF4B-00C04F79EFBC}") = "ExerciciosCSharp", "ExerciciosCSharp\ExerciciosCSharp.csproj", "{46233EF7-CF74-415D-BA28-B3A6B50EBD63}"
EndProject
Global
	GlobalSection(SolutionConfigurationPlatforms) = preSolution
		Debug|Any CPU = Debug|Any CPU
		Release|Any CPU = Release|Any CPU
	EndGlobalSection
	GlobalSection(ProjectConfigurationPlatforms) = postSolution
		{46233EF7-CF74-415D-BA28-B3A6B50EBD63}.Debug|Any CPU.ActiveCfg = Debug|Any CPU
		{46233EF7-CF74-415D-BA28-B3A6B50EBD63}.Debug|Any CPU.Build.0 = Debug|Any CPU
		{46233EF7-CF74-415D-BA28-B3A6B50EBD63}.Release|Any CPU.ActiveCfg = Release|Any CPU
		{46233EF7-CF74-415D-BA28-B3A6B50EBD63}.Release|Any CPU.Build.0 = Release|Any CPU
	EndGlobalSection
	GlobalSection(SolutionProperties) = preSolution
		HideSolutionNode = FALSE
	EndGlobalSection
	GlobalSection(ExtensibilityGlobals) = postSolution
		SolutionGuid = {5D63727D-A910-4E87-9F5B-87E92AAC4623}
	EndGlobalSection
EndGlobal
